
Microsoft Visual Studio Solution File, Format Version 12.00
# Visual Studio Version 17
VisualStudioVersion = 17.0.31903.59
MinimumVisualStudioVersion = 10.0.40219.1
Project("{FAE04EC0-301F-11D3-BF4B-00C04F79EFBC}") = "Marsipan.Membership.Middleware", "Marsipan.Membership.Middleware\Marsipan.Membership.Middleware.csproj", "{E7DA278D-EA14-4B6A-A55C-6481BFCA8952}"
EndProject
Project("{FAE04EC0-301F-11D3-BF4B-00C04F79EFBC}") = "Marsipan.Membership.Web", "Marsipan.Membership.Web\Marsipan.Membership.Web.csproj", "{CF72AAD4-CF34-4A2B-A6B8-68429121C664}"
EndProject
Global
	GlobalSection(SolutionConfigurationPlatforms) = preSolution
		Debug|Any CPU = Debug|Any CPU
		Debug|x64 = Debug|x64
		Debug|x86 = Debug|x86
		Release|Any CPU = Release|Any CPU
		Release|x64 = Release|x64
		Release|x86 = Release|x86
	EndGlobalSection
	GlobalSection(ProjectConfigurationPlatforms) = postSolution
		{E7DA278D-EA14-4B6A-A55C-6481BFCA8952}.Debug|Any CPU.ActiveCfg = Debug|Any CPU
		{E7DA278D-EA14-4B6A-A55C-6481BFCA8952}.Debug|Any CPU.Build.0 = Debug|Any CPU
		{E7DA278D-EA14-4B6A-A55C-6481BFCA8952}.Debug|x64.ActiveCfg = Debug|Any CPU
		{E7DA278D-EA14-4B6A-A55C-6481BFCA8952}.Debug|x64.Build.0 = Debug|Any CPU
		{E7DA278D-EA14-4B6A-A55C-6481BFCA8952}.Debug|x86.ActiveCfg = Debug|Any CPU
		{E7DA278D-EA14-4B6A-A55C-6481BFCA8952}.Debug|x86.Build.0 = Debug|Any CPU
		{E7DA278D-EA14-4B6A-A55C-6481BFCA8952}.Release|Any CPU.ActiveCfg = Release|Any CPU
		{E7DA278D-EA14-4B6A-A55C-6481BFCA8952}.Release|Any CPU.Build.0 = Release|Any CPU
		{E7DA278D-EA14-4B6A-A55C-6481BFCA8952}.Release|x64.ActiveCfg = Release|Any CPU
		{E7DA278D-EA14-4B6A-A55C-6481BFCA8952}.Release|x64.Build.0 = Release|Any CPU
		{E7DA278D-EA14-4B6A-A55C-6481BFCA8952}.Release|x86.ActiveCfg = Release|Any CPU
		{E7DA278D-EA14-4B6A-A55C-6481BFCA8952}.Release|x86.Build.0 = Release|Any CPU
		{CF72AAD4-CF34-4A2B-A6B8-68429121C664}.Debug|Any CPU.ActiveCfg = Debug|Any CPU
		{CF72AAD4-CF34-4A2B-A6B8-68429121C664}.Debug|Any CPU.Build.0 = Debug|Any CPU
		{CF72AAD4-CF34-4A2B-A6B8-68429121C664}.Debug|x64.ActiveCfg = Debug|Any CPU
		{CF72AAD4-CF34-4A2B-A6B8-68429121C664}.Debug|x64.Build.0 = Debug|Any CPU
		{CF72AAD4-CF34-4A2B-A6B8-68429121C664}.Debug|x86.ActiveCfg = Debug|Any CPU
		{CF72AAD4-CF34-4A2B-A6B8-68429121C664}.Debug|x86.Build.0 = Debug|Any CPU
		{CF72AAD4-CF34-4A2B-A6B8-68429121C664}.Release|Any CPU.ActiveCfg = Release|Any CPU
		{CF72AAD4-CF34-4A2B-A6B8-68429121C664}.Release|Any CPU.Build.0 = Release|Any CPU
		{CF72AAD4-CF34-4A2B-A6B8-68429121C664}.Release|x64.ActiveCfg = Release|Any CPU
		{CF72AAD4-CF34-4A2B-A6B8-68429121C664}.Release|x64.Build.0 = Release|Any CPU
		{CF72AAD4-CF34-4A2B-A6B8-68429121C664}.Release|x86.ActiveCfg = Release|Any CPU
		{CF72AAD4-CF34-4A2B-A6B8-68429121C664}.Release|x86.Build.0 = Release|Any CPU
	EndGlobalSection
	GlobalSection(SolutionProperties) = preSolution
		HideSolutionNode = FALSE
	EndGlobalSection
EndGlobal
